
Microsoft Visual Studio Solution File, Format Version 12.00
# Visual Studio Version 16
VisualStudioVersion = 16.0.29503.13
MinimumVisualStudioVersion = 10.0.40219.1
Project("{FAE04EC0-301F-11D3-BF4B-00C04F79EFBC}") = "ALL_PROYECTOS", "ALL_PROYECTOS.csproj", "{7485453E-7984-440F-939D-14D0680030DB}"
EndProject
Global
	GlobalSection(SolutionConfigurationPlatforms) = preSolution
		Debug|Any CPU = Debug|Any CPU
		Release|Any CPU = Release|Any CPU
	EndGlobalSection
	GlobalSection(ProjectConfigurationPlatforms) = postSolution
		{7485453E-7984-440F-939D-14D0680030DB}.Debug|Any CPU.ActiveCfg = Debug|Any CPU
		{7485453E-7984-440F-939D-14D0680030DB}.Debug|Any CPU.Build.0 = Debug|Any CPU
		{7485453E-7984-440F-939D-14D0680030DB}.Release|Any CPU.ActiveCfg = Release|Any CPU
		{7485453E-7984-440F-939D-14D0680030DB}.Release|Any CPU.Build.0 = Release|Any CPU
	EndGlobalSection
	GlobalSection(SolutionProperties) = preSolution
		HideSolutionNode = FALSE
	EndGlobalSection
	GlobalSection(ExtensibilityGlobals) = postSolution
		SolutionGuid = {E5921916-5039-4649-B768-9A052B6D3028}
	EndGlobalSection
EndGlobal
